// !$*UTF8*$!
{
	archiveVersion = 1;
	classes = {
	};
	objectVersion = 50;
	objects = {

/* Begin PBXBuildFile section */
		18516F0E29606BFA00D533F2 /* Question.swift in Sources */ = {isa = PBXBuildFile; fileRef = 18516F0D29606BFA00D533F2 /* Question.swift */; };
		1880CC1628EDDF6900F90D76 /* AppDelegate.swift in Sources */ = {isa = PBXBuildFile; fileRef = 1880CC1528EDDF6900F90D76 /* AppDelegate.swift */; };
		1880CC1828EDDF6900F90D76 /* SceneDelegate.swift in Sources */ = {isa = PBXBuildFile; fileRef = 1880CC1728EDDF6900F90D76 /* SceneDelegate.swift */; };
		1880CC1A28EDDF6900F90D76 /* ViewController.swift in Sources */ = {isa = PBXBuildFile; fileRef = 1880CC1928EDDF6900F90D76 /* ViewController.swift */; };
		1880CC1D28EDDF6900F90D76 /* Main.storyboard in Resources */ = {isa = PBXBuildFile; fileRef = 1880CC1B28EDDF6900F90D76 /* Main.storyboard */; };
		1880CC1F28EDDF6D00F90D76 /* Assets.xcassets in Resources */ = {isa = PBXBuildFile; fileRef = 1880CC1E28EDDF6D00F90D76 /* Assets.xcassets */; };
		1880CC2228EDDF6D00F90D76 /* LaunchScreen.storyboard in Resources */ = {isa = PBXBuildFile; fileRef = 1880CC2028EDDF6D00F90D76 /* LaunchScreen.storyboard */; };
/* End PBXBuildFile section */

/* Begin PBXFileReference section */
		18516F0D29606BFA00D533F2 /* Question.swift */ = {isa = PBXFileReference; lastKnownFileType = sourcecode.swift; path = Question.swift; sourceTree = "<group>"; };
		1880CC1228EDDF6900F90D76 /* Quiz App.app */ = {isa = PBXFileReference; explicitFileType = wrapper.application; includeInIndex = 0; path = "Quiz App.app"; sourceTree = BUILT_PRODUCTS_DIR; };
		1880CC1528EDDF6900F90D76 /* AppDelegate.swift */ = {isa = PBXFileReference; lastKnownFileType = sourcecode.swift; path = AppDelegate.swift; sourceTree = "<group>"; };
		1880CC1728EDDF6900F90D76 /* SceneDelegate.swift */ = {isa = PBXFileReference; lastKnownFileType = sourcecode.swift; path = SceneDelegate.swift; sourceTree = "<group>"; };
		1880CC1928EDDF6900F90D76 /* ViewController.swift */ = {isa = PBXFileReference; lastKnownFileType = sourcecode.swift; path = ViewController.swift; sourceTree = "<group>"; };
		1880CC1C28EDDF6900F90D76 /* Base */ = {isa = PBXFileReference; lastKnownFileType = file.storyboard; name = Base; path = Base.lproj/Main.storyboard; sourceTree = "<group>"; };
		1880CC1E28EDDF6D00F90D76 /* Assets.xcassets */ = {isa = PBXFileReference; lastKnownFileType = folder.assetcatalog; path = Assets.xcassets; sourceTree = "<group>"; };
		1880CC2128EDDF6D00F90D76 /* Base */ = {isa = PBXFileReference; lastKnownFileType = file.storyboard; name = Base; path = Base.lproj/LaunchScreen.storyboard; sourceTree = "<group>"; };
		1880CC2328EDDF6D00F90D76 /* Info.plist */ = {isa = PBXFileReference; lastKnownFileType = text.plist.xml; path = Info.plist; sourceTree = "<group>"; };
/* End PBXFileReference section */

/* Begin PBXFrameworksBuildPhase section */
		1880CC0F28EDDF6900F90D76 /* Frameworks */ = {
			isa = PBXFrameworksBuildPhase;
			buildActionMask = 2147483647;
			files = (
			);
			runOnlyForDeploymentPostprocessing = 0;
		};
/* End PBXFrameworksBuildPhase section */

/* Begin PBXGroup section */
		18516F0C29606B9D00D533F2 /* Model */ = {
			isa = PBXGroup;
			children = (
				18516F0D29606BFA00D533F2 /* Question.swift */,
			);
			path = Model;
			sourceTree = "<group>";
		};
		1880CC0928EDDF6900F90D76 = {
			isa = PBXGroup;
			children = (
				1880CC1428EDDF6900F90D76 /* Quiz App */,
				1880CC1328EDDF6900F90D76 /* Products */,
			);
			sourceTree = "<group>";
		};
		1880CC1328EDDF6900F90D76 /* Products */ = {
			isa = PBXGroup;
			children = (
				1880CC1228EDDF6900F90D76 /* Quiz App.app */,
			);
			name = Products;
			sourceTree = "<group>";
		};
		1880CC1428EDDF6900F90D76 /* Quiz App */ = {
			isa = PBXGroup;
			children = (
				18516F0C29606B9D00D533F2 /* Model */,
				1880CC1528EDDF6900F90D76 /* AppDelegate.swift */,
				1880CC1728EDDF6900F90D76 /* SceneDelegate.swift */,
				1880CC1928EDDF6900F90D76 /* ViewController.swift */,
				1880CC1B28EDDF6900F90D76 /* Main.storyboard */,
				1880CC1E28EDDF6D00F90D76 /* Assets.xcassets */,
				1880CC2028EDDF6D00F90D76 /* LaunchScreen.storyboard */,
				1880CC2328EDDF6D00F90D76 /* Info.plist */,
			);
			path = "Quiz App";
			sourceTree = "<group>";
		};
/* End PBXGroup section */

/* Begin PBXNativeTarget section */
		1880CC1128EDDF6900F90D76 /* Quiz App */ = {
			isa = PBXNativeTarget;
			buildConfigurationList = 1880CC2628EDDF6D00F90D76 /* Build configuration list for PBXNativeTarget "Quiz App" */;
			buildPhases = (
				1880CC0E28EDDF6900F90D76 /* Sources */,
				1880CC0F28EDDF6900F90D76 /* Frameworks */,
				1880CC1028EDDF6900F90D76 /* Resources */,
			);
			buildRules = (
			);
			dependencies = (
			);
			name = "Quiz App";
			productName = "Quiz App";
			productReference = 1880CC1228EDDF6900F90D76 /* Quiz App.app */;
			productType = "com.apple.product-type.application";
		};
/* End PBXNativeTarget section */

/* Begin PBXProject section */
		1880CC0A28EDDF6900F90D76 /* Project object */ = {
			isa = PBXProject;
			attributes = {
				LastSwiftUpdateCheck = 1240;
				LastUpgradeCheck = 1240;
				TargetAttributes = {
					1880CC1128EDDF6900F90D76 = {
						CreatedOnToolsVersion = 12.4;
					};
				};
			};
			buildConfigurationList = 1880CC0D28EDDF6900F90D76 /* Build configuration list for PBXProject "Quiz App" */;
			compatibilityVersion = "Xcode 9.3";
			developmentRegion = en;
			hasScannedForEncodings = 0;
			knownRegions = (
				en,
				Base,
			);
			mainGroup = 1880CC0928EDDF6900F90D76;
			productRefGroup = 1880CC1328EDDF6900F90D76 /* Products */;
			projectDirPath = "";
			projectRoot = "";
			targets = (
				1880CC1128EDDF6900F90D76 /* Quiz App */,
			);
		};
/* End PBXProject section */

/* Begin PBXResourcesBuildPhase section */
		1880CC1028EDDF6900F90D76 /* Resources */ = {
			isa = PBXResourcesBuildPhase;
			buildActionMask = 2147483647;
			files = (
				1880CC2228EDDF6D00F90D76 /* LaunchScreen.storyboard in Resources */,
				1880CC1F28EDDF6D00F90D76 /* Assets.xcassets in Resources */,
				1880CC1D28EDDF6900F90D76 /* Main.storyboard in Resources */,
			);
			runOnlyForDeploymentPostprocessing = 0;
		};
/* End PBXResourcesBuildPhase section */

/* Begin PBXSourcesBuildPhase section */
		1880CC0E28EDDF6900F90D76 /* Sources */ = {
			isa = PBXSourcesBuildPhase;
			buildActionMask = 2147483647;
			files = (
				1880CC1A28EDDF6900F90D76 /* ViewController.swift in Sources */,
				18516F0E29606BFA00D533F2 /* Question.swift in Sources */,
				1880CC1628EDDF6900F90D76 /* AppDelegate.swift in Sources */,
				1880CC1828EDDF6900F90D76 /* SceneDelegate.swift in Sources */,
			);
			runOnlyForDeploymentPostprocessing = 0;
		};
/* End PBXSourcesBuildPhase section */

/* Begin PBXVariantGroup section */
		1880CC1B28EDDF6900F90D76 /* Main.storyboard */ = {
			isa = PBXVariantGroup;
			children = (
				1880CC1C28EDDF6900F90D76 /* Base */,
			);
			name = Main.storyboard;
			sourceTree = "<group>";
		};
		1880CC2028EDDF6D00F90D76 /* LaunchScreen.storyboard */ = {
			isa = PBXVariantGroup;
			children = (
				1880CC2128EDDF6D00F90D76 /* Base */,
			);
			name = LaunchScreen.storyboard;
			sourceTree = "<group>";
		};
/* End PBXVariantGroup section */

/* Begin XCBuildConfiguration section */
		1880CC2428EDDF6D00F90D76 /* Debug */ = {
			isa = XCBuildConfiguration;
			buildSettings = {
				ALWAYS_SEARCH_USER_PATHS = NO;
				CLANG_ANALYZER_NONNULL = YES;
				CLANG_ANALYZER_NUMBER_OBJECT_CONVERSION = YES_AGGRESSIVE;
				CLANG_CXX_LANGUAGE_STANDARD = "gnu++14";
				CLANG_CXX_LIBRARY = "libc++";
				CLANG_ENABLE_MODULES = YES;
				CLANG_ENABLE_OBJC_ARC = YES;
				CLANG_ENABLE_OBJC_WEAK = YES;
				CLANG_WARN_BLOCK_CAPTURE_AUTORELEASING = YES;
				CLANG_WARN_BOOL_CONVERSION = YES;
				CLANG_WARN_COMMA = YES;
				CLANG_WARN_CONSTANT_CONVERSION = YES;
				CLANG_WARN_DEPRECATED_OBJC_IMPLEMENTATIONS = YES;
				CLANG_WARN_DIRECT_OBJC_ISA_USAGE = YES_ERROR;
				CLANG_WARN_DOCUMENTATION_COMMENTS = YES;
				CLANG_WARN_EMPTY_BODY = YES;
				CLANG_WARN_ENUM_CONVERSION = YES;
				CLANG_WARN_INFINITE_RECURSION = YES;
				CLANG_WARN_INT_CONVERSION = YES;
				CLANG_WARN_NON_LITERAL_NULL_CONVERSION = YES;
				CLANG_WARN_OBJC_IMPLICIT_RETAIN_SELF = YES;
				CLANG_WARN_OBJC_LITERAL_CONVERSION = YES;
				CLANG_WARN_OBJC_ROOT_CLASS = YES_ERROR;
				CLANG_WARN_QUOTED_INCLUDE_IN_FRAMEWORK_HEADER = YES;
				CLANG_WARN_RANGE_LOOP_ANALYSIS = YES;
				CLANG_WARN_STRICT_PROTOTYPES = YES;
				CLANG_WARN_SUSPICIOUS_MOVE = YES;
				CLANG_WARN_UNGUARDED_AVAILABILITY = YES_AGGRESSIVE;
				CLANG_WARN_UNREACHABLE_CODE = YES;
				CLANG_WARN__DUPLICATE_METHOD_MATCH = YES;
				COPY_PHASE_STRIP = NO;
				DEBUG_INFORMATION_FORMAT = dwarf;
				ENABLE_STRICT_OBJC_MSGSEND = YES;
				ENABLE_TESTABILITY = YES;
				GCC_C_LANGUAGE_STANDARD = gnu11;
				GCC_DYNAMIC_NO_PIC = NO;
				GCC_NO_COMMON_BLOCKS = YES;
				GCC_OPTIMIZATION_LEVEL = 0;
				GCC_PREPROCESSOR_DEFINITIONS = (
					"DEBUG=1",
					"$(inherited)",
				);
				GCC_WARN_64_TO_32_BIT_CONVERSION = YES;
				GCC_WARN_ABOUT_RETURN_TYPE = YES_ERROR;
				GCC_WARN_UNDECLARED_SELECTOR = YES;
				GCC_WARN_UNINITIALIZED_AUTOS = YES_AGGRESSIVE;
				GCC_WARN_UNUSED_FUNCTION = YES;
				GCC_WARN_UNUSED_VARIABLE = YES;
				IPHONEOS_DEPLOYMENT_TARGET = 14.4;
				MTL_ENABLE_DEBUG_INFO = INCLUDE_SOURCE;
				MTL_FAST_MATH = YES;
				ONLY_ACTIVE_ARCH = YES;
				SDKROOT = iphoneos;
				SWIFT_ACTIVE_COMPILATION_CONDITIONS = DEBUG;
				SWIFT_OPTIMIZATION_LEVEL = "-Onone";
			};
			name = Debug;
		};
		1880CC2528EDDF6D00F90D76 /* Release */ = {
			isa = XCBuildConfiguration;
			buildSettings = {
				ALWAYS_SEARCH_USER_PATHS = NO;
				CLANG_ANALYZER_NONNULL = YES;
				CLANG_ANALYZER_NUMBER_OBJECT_CONVERSION = YES_AGGRESSIVE;
				CLANG_CXX_LANGUAGE_STANDARD = "gnu++14";
				CLANG_CXX_LIBRARY = "libc++";
				CLANG_ENABLE_MODULES = YES;
				CLANG_ENABLE_OBJC_ARC = YES;
				CLANG_ENABLE_OBJC_WEAK = YES;
				CLANG_WARN_BLOCK_CAPTURE_AUTORELEASING = YES;
				CLANG_WARN_BOOL_CONVERSION = YES;
				CLANG_WARN_COMMA = YES;
				CLANG_WARN_CONSTANT_CONVERSION = YES;
				CLANG_WARN_DEPRECATED_OBJC_IMPLEMENTATIONS = YES;
				CLANG_WARN_DIRECT_OBJC_ISA_USAGE = YES_ERROR;
				CLANG_WARN_DOCUMENTATION_COMMENTS = YES;
				CLANG_WARN_EMPTY_BODY = YES;
				CLANG_WARN_ENUM_CONVERSION = YES;
				CLANG_WARN_INFINITE_RECURSION = YES;
				CLANG_WARN_INT_CONVERSION = YES;
				CLANG_WARN_NON_LITERAL_NULL_CONVERSION = YES;
				CLANG_WARN_OBJC_IMPLICIT_RETAIN_SELF = YES;
				CLANG_WARN_OBJC_LITERAL_CONVERSION = YES;
				CLANG_WARN_OBJC_ROOT_CLASS = YES_ERROR;
				CLANG_WARN_QUOTED_INCLUDE_IN_FRAMEWORK_HEADER = YES;
				CLANG_WARN_RANGE_LOOP_ANALYSIS = YES;
				CLANG_WARN_STRICT_PROTOTYPES = YES;
				CLANG_WARN_SUSPICIOUS_MOVE = YES;
				CLANG_WARN_UNGUARDED_AVAILABILITY = YES_AGGRESSIVE;
				CLANG_WARN_UNREACHABLE_CODE = YES;
				CLANG_WARN__DUPLICATE_METHOD_MATCH = YES;
				COPY_PHASE_STRIP = NO;
				DEBUG_INFORMATION_FORMAT = "dwarf-with-dsym";
				ENABLE_NS_ASSERTIONS = NO;
				ENABLE_STRICT_OBJC_MSGSEND = YES;
				GCC_C_LANGUAGE_STANDARD = gnu11;
				GCC_NO_COMMON_BLOCKS = YES;
				GCC_WARN_64_TO_32_BIT_CONVERSION = YES;
				GCC_WARN_ABOUT_RETURN_TYPE = YES_ERROR;
				GCC_WARN_UNDECLARED_SELECTOR = YES;
				GCC_WARN_UNINITIALIZED_AUTOS = YES_AGGRESSIVE;
				GCC_WARN_UNUSED_FUNCTION = YES;
				GCC_WARN_UNUSED_VARIABLE = YES;
				IPHONEOS_DEPLOYMENT_TARGET = 14.4;
				MTL_ENABLE_DEBUG_INFO = NO;
				MTL_FAST_MATH = YES;
				SDKROOT = iphoneos;
				SWIFT_COMPILATION_MODE = wholemodule;
				SWIFT_OPTIMIZATION_LEVEL = "-O";
				VALIDATE_PRODUCT = YES;
			};
			name = Release;
		};
		1880CC2728EDDF6D00F90D76 /* Debug */ = {
			isa = XCBuildConfiguration;
			buildSettings = {
				ASSETCATALOG_COMPILER_APPICON_NAME = AppIcon;
				ASSETCATALOG_COMPILER_GLOBAL_ACCENT_COLOR_NAME = AccentColor;
				CODE_SIGN_STYLE = Automatic;
				DEVELOPMENT_TEAM = 5C78XHM8JG;
				INFOPLIST_FILE = "Quiz App/Info.plist";
				LD_RUNPATH_SEARCH_PATHS = (
					"$(inherited)",
					"@executable_path/Frameworks",
				);
				PRODUCT_BUNDLE_IDENTIFIER = "com.swa.Quiz-App";
				PRODUCT_NAME = "$(TARGET_NAME)";
				SWIFT_VERSION = 5.0;
				TARGETED_DEVICE_FAMILY = "1,2";
			};
			name = Debug;
		};
		1880CC2828EDDF6D00F90D76 /* Release */ = {
			isa = XCBuildConfiguration;
			buildSettings = {
				ASSETCATALOG_COMPILER_APPICON_NAME = AppIcon;
				ASSETCATALOG_COMPILER_GLOBAL_ACCENT_COLOR_NAME = AccentColor;
				CODE_SIGN_STYLE = Automatic;
				DEVELOPMENT_TEAM = 5C78XHM8JG;
				INFOPLIST_FILE = "Quiz App/Info.plist";
				LD_RUNPATH_SEARCH_PATHS = (
					"$(inherited)",
					"@executable_path/Frameworks",
				);
				PRODUCT_BUNDLE_IDENTIFIER = "com.swa.Quiz-App";
				PRODUCT_NAME = "$(TARGET_NAME)";
				SWIFT_VERSION = 5.0;
				TARGETED_DEVICE_FAMILY = "1,2";
			};
			name = Release;
		};
/* End XCBuildConfiguration section */

/* Begin XCConfigurationList section */
		1880CC0D28EDDF6900F90D76 /* Build configuration list for PBXProject "Quiz App" */ = {
			isa = XCConfigurationList;
			buildConfigurations = (
				1880CC2428EDDF6D00F90D76 /* Debug */,
				1880CC2528EDDF6D00F90D76 /* Release */,
			);
			defaultConfigurationIsVisible = 0;
			defaultConfigurationName = Release;
		};
		1880CC2628EDDF6D00F90D76 /* Build configuration list for PBXNativeTarget "Quiz App" */ = {
			isa = XCConfigurationList;
			buildConfigurations = (
				1880CC2728EDDF6D00F90D76 /* Debug */,
				1880CC2828EDDF6D00F90D76 /* Release */,
			);
			defaultConfigurationIsVisible = 0;
			defaultConfigurationName = Release;
		};
/* End XCConfigurationList section */
	};
	rootObject = 1880CC0A28EDDF6900F90D76 /* Project object */;
}
